
Microsoft Visual Studio Solution File, Format Version 12.00
# Visual Studio 2013
VisualStudioVersion = 12.0.31101.0
MinimumVisualStudioVersion = 10.0.40219.1
Project("{FAE04EC0-301F-11D3-BF4B-00C04F79EFBC}") = "BSPN.Data", "BSPN.Data\BSPN.Data.csproj", "{CF3AC235-DD1C-47BD-8556-CF8269C781DD}"
EndProject
Project("{FAE04EC0-301F-11D3-BF4B-00C04F79EFBC}") = "DataAccess", "DataAccess\DataAccess.csproj", "{8E336553-4072-4AF8-916D-C27874EB7CED}"
EndProject
Project("{FAE04EC0-301F-11D3-BF4B-00C04F79EFBC}") = "BSN", "BSPN\BSN.csproj", "{8BD5D696-D093-411D-8B1D-60E2CE514D2B}"
EndProject
Project("{FAE04EC0-301F-11D3-BF4B-00C04F79EFBC}") = "BSNTester", "BSNTester\BSNTester.csproj", "{52E8C462-082C-4956-8EEC-445D61B4AF4D}"
EndProject
Project("{FAE04EC0-301F-11D3-BF4B-00C04F79EFBC}") = "BSPN.IoC", "BSPN.IoC\BSPN.IoC.csproj", "{A6B4A186-FCC6-414A-BDC4-724A64232562}"
EndProject
Project("{FAE04EC0-301F-11D3-BF4B-00C04F79EFBC}") = "BSPN.Services", "BSPN.Services\BSPN.Services.csproj", "{422A9E42-EE3C-4217-8045-61A9903AFE2B}"
EndProject
Global
	GlobalSection(SolutionConfigurationPlatforms) = preSolution
		Debug|Any CPU = Debug|Any CPU
		Release|Any CPU = Release|Any CPU
	EndGlobalSection
	GlobalSection(ProjectConfigurationPlatforms) = postSolution
		{CF3AC235-DD1C-47BD-8556-CF8269C781DD}.Debug|Any CPU.ActiveCfg = Debug|Any CPU
		{CF3AC235-DD1C-47BD-8556-CF8269C781DD}.Debug|Any CPU.Build.0 = Debug|Any CPU
		{CF3AC235-DD1C-47BD-8556-CF8269C781DD}.Release|Any CPU.ActiveCfg = Release|Any CPU
		{CF3AC235-DD1C-47BD-8556-CF8269C781DD}.Release|Any CPU.Build.0 = Release|Any CPU
		{8E336553-4072-4AF8-916D-C27874EB7CED}.Debug|Any CPU.ActiveCfg = Debug|Any CPU
		{8E336553-4072-4AF8-916D-C27874EB7CED}.Debug|Any CPU.Build.0 = Debug|Any CPU
		{8E336553-4072-4AF8-916D-C27874EB7CED}.Release|Any CPU.ActiveCfg = Release|Any CPU
		{8E336553-4072-4AF8-916D-C27874EB7CED}.Release|Any CPU.Build.0 = Release|Any CPU
		{8BD5D696-D093-411D-8B1D-60E2CE514D2B}.Debug|Any CPU.ActiveCfg = Debug|Any CPU
		{8BD5D696-D093-411D-8B1D-60E2CE514D2B}.Debug|Any CPU.Build.0 = Debug|Any CPU
		{8BD5D696-D093-411D-8B1D-60E2CE514D2B}.Release|Any CPU.ActiveCfg = Release|Any CPU
		{8BD5D696-D093-411D-8B1D-60E2CE514D2B}.Release|Any CPU.Build.0 = Release|Any CPU
		{52E8C462-082C-4956-8EEC-445D61B4AF4D}.Debug|Any CPU.ActiveCfg = Debug|Any CPU
		{52E8C462-082C-4956-8EEC-445D61B4AF4D}.Debug|Any CPU.Build.0 = Debug|Any CPU
		{52E8C462-082C-4956-8EEC-445D61B4AF4D}.Release|Any CPU.ActiveCfg = Release|Any CPU
		{52E8C462-082C-4956-8EEC-445D61B4AF4D}.Release|Any CPU.Build.0 = Release|Any CPU
		{A6B4A186-FCC6-414A-BDC4-724A64232562}.Debug|Any CPU.ActiveCfg = Debug|Any CPU
		{A6B4A186-FCC6-414A-BDC4-724A64232562}.Debug|Any CPU.Build.0 = Debug|Any CPU
		{A6B4A186-FCC6-414A-BDC4-724A64232562}.Release|Any CPU.ActiveCfg = Release|Any CPU
		{A6B4A186-FCC6-414A-BDC4-724A64232562}.Release|Any CPU.Build.0 = Release|Any CPU
		{422A9E42-EE3C-4217-8045-61A9903AFE2B}.Debug|Any CPU.ActiveCfg = Debug|Any CPU
		{422A9E42-EE3C-4217-8045-61A9903AFE2B}.Debug|Any CPU.Build.0 = Debug|Any CPU
		{422A9E42-EE3C-4217-8045-61A9903AFE2B}.Release|Any CPU.ActiveCfg = Release|Any CPU
		{422A9E42-EE3C-4217-8045-61A9903AFE2B}.Release|Any CPU.Build.0 = Release|Any CPU
	EndGlobalSection
	GlobalSection(SolutionProperties) = preSolution
		HideSolutionNode = FALSE
	EndGlobalSection
EndGlobal
